
Microsoft Visual Studio Solution File, Format Version 12.00
# Visual Studio Version 17
VisualStudioVersion = 17.10.35004.147
MinimumVisualStudioVersion = 10.0.40219.1
Project("{FAE04EC0-301F-11D3-BF4B-00C04F79EFBC}") = "ReadersHeaven-1", "ReadersHeaven-1\ReadersHeaven-1.csproj", "{F4ABB06F-D104-4520-B0B6-23BEDD94274C}"
EndProject
Global
	GlobalSection(SolutionConfigurationPlatforms) = preSolution
		Debug|Any CPU = Debug|Any CPU
		Release|Any CPU = Release|Any CPU
	EndGlobalSection
	GlobalSection(ProjectConfigurationPlatforms) = postSolution
		{F4ABB06F-D104-4520-B0B6-23BEDD94274C}.Debug|Any CPU.ActiveCfg = Debug|Any CPU
		{F4ABB06F-D104-4520-B0B6-23BEDD94274C}.Debug|Any CPU.Build.0 = Debug|Any CPU
		{F4ABB06F-D104-4520-B0B6-23BEDD94274C}.Release|Any CPU.ActiveCfg = Release|Any CPU
		{F4ABB06F-D104-4520-B0B6-23BEDD94274C}.Release|Any CPU.Build.0 = Release|Any CPU
	EndGlobalSection
	GlobalSection(SolutionProperties) = preSolution
		HideSolutionNode = FALSE
	EndGlobalSection
	GlobalSection(ExtensibilityGlobals) = postSolution
		SolutionGuid = {A3E26D2C-3237-478B-A33B-BFEF306449FD}
	EndGlobalSection
EndGlobal
